<?xml version="1.0" encoding="utf-8"?>
<Project ToolsVersion="15.0" xmlns="http://schemas.microsoft.com/developer/msbuild/2003">
  <ItemGroup>
    <Filter Include="Common">
      <UniqueIdentifier>f849e6f4-a51c-4f80-b1a1-d1c3fa5e0c59</UniqueIdentifier>
    </Filter>
    <Filter Include="Assets">
      <UniqueIdentifier>b17e617f-6841-4f0c-b99f-9713219b9fbf</UniqueIdentifier>
      <Extensions>bmp;fbx;gif;jpg;jpeg;tga;tiff;tif;png</Extensions>
    </Filter>
  </ItemGroup>
  <ItemGroup>
    <ApplicationDefinition Include="App.xaml" />
  </ItemGroup>
  <ItemGroup>
    <ClCompile Include="App.xaml.cpp" />
    <ClCompile Include="MainPage.xaml.cpp" />
    <ClCompile Include="pch.cpp" />
  </ItemGroup>
  <ItemGroup>
    <ClInclude Include="pch.h" />
    <ClInclude Include="App.xaml.h" />
    <ClInclude Include="MainPage.xaml.h" />
  </ItemGroup>
  <ItemGroup>
    <Image Include="Assets\LockScreenLogo.scale-200.png">
      <Filter>Assets</Filter>
    </Image>
    <Image Include="Assets\SplashScreen.scale-200.png">
      <Filter>Assets</Filter>
    </Image>
    <Image Include="Assets\Square150x150Logo.scale-200.png">
      <Filter>Assets</Filter>
    </Image>
    <Image Include="Assets\Square44x44Logo.scale-200.png">
      <Filter>Assets</Filter>
    </Image>
    <Image Include="Assets\Square44x44Logo.targetsize-24_altform-unplated.png">
      <Filter>Assets</Filter>
    </Image>
    <Image Include="Assets\StoreLogo.png">
      <Filter>Assets</Filter>
    </Image>
    <Image Include="Assets\Wide310x150Logo.scale-200.png">
      <Filter>Assets</Filter>
    </Image>
  </ItemGroup>
  <ItemGroup>
    <AppxManifest Include="Package.appxmanifest" />
  </ItemGroup>
  <ItemGroup>
    <None Include="CppTestApp_TemporaryKey.pfx" />
    <None Include="$(SolutionDir)SafeDll\bin\$(PlatformTarget)\avcodec-57.dll" />
    <None Include="$(SolutionDir)SafeDll\bin\$(PlatformTarget)\avdevice-57.dll" />
    <None Include="$(SolutionDir)SafeDll\bin\$(PlatformTarget)\avfilter-6.dll" />
    <None Include="$(SolutionDir)SafeDll\bin\$(PlatformTarget)\avformat-57.dll" />
    <None Include="$(SolutionDir)SafeDll\bin\$(PlatformTarget)\avutil-55.dll" />
    <None Include="$(SolutionDir)SafeDll\bin\$(PlatformTarget)\swresample-2.dll" />
    <None Include="$(SolutionDir)SafeDll\bin\$(PlatformTarget)\swscale-4.dll" />
  </ItemGroup>
  <ItemGroup>
    <Page Include="MainPage.xaml" />
  </ItemGroup>
</Project>